<?xml version="1.0" encoding="utf-8"?>
<Project ToolsVersion="4.0" xmlns="http://schemas.microsoft.com/developer/msbuild/2003">
  <ItemGroup>
    <Filter Include="源文件">
      <UniqueIdentifier>{4FC737F1-C7A5-4376-A066-2A32D752A2FF}</UniqueIdentifier>
      <Extensions>cpp;c;cc;cxx;def;odl;idl;hpj;bat;asm;asmx</Extensions>
    </Filter>
    <Filter Include="头文件">
      <UniqueIdentifier>{93995380-89BD-4b04-88EB-625FBE52EBFB}</UniqueIdentifier>
      <Extensions>h;hh;hpp;hxx;hm;inl;inc;xsd</Extensions>
    </Filter>
    <Filter Include="资源文件">
      <UniqueIdentifier>{67DA6AB6-F800-4c08-8B7A-83BB121AAD01}</UniqueIdentifier>
      <Extensions>rc;ico;cur;bmp;dlg;rc2;rct;bin;rgs;gif;jpg;jpeg;jpe;resx;tiff;tif;png;wav;mfcribbon-ms</Extensions>
    </Filter>
    <Filter Include="头文件\logic">
      <UniqueIdentifier>{0d7c025a-0564-4dee-a6b9-3bfa08ebb80f}</UniqueIdentifier>
    </Filter>
    <Filter Include="头文件\ui">
      <UniqueIdentifier>{c4146d42-e719-49b9-9b75-e2b29193bbc9}</UniqueIdentifier>
    </Filter>
    <Filter Include="源文件\logic">
      <UniqueIdentifier>{32edb05d-e1ab-4636-a236-bdc81119f48a}</UniqueIdentifier>
    </Filter>
    <Filter Include="源文件\ui">
      <UniqueIdentifier>{08a50a5e-52b4-421f-8c3b-202c3f4c58cf}</UniqueIdentifier>
    </Filter>
    <Filter Include="源文件\logic\bean">
      <UniqueIdentifier>{9f7f6803-7edb-4491-9fb5-6cb89f4a0d19}</UniqueIdentifier>
    </Filter>
    <Filter Include="头文件\logic\bean">
      <UniqueIdentifier>{73df525e-784a-4917-bcce-1e2fbabadf6d}</UniqueIdentifier>
    </Filter>
    <Filter Include="源文件\ui\forms">
      <UniqueIdentifier>{2220f167-2642-4ae9-8ac2-857a56b65bab}</UniqueIdentifier>
    </Filter>
    <Filter Include="源文件\ui\forms\subforms">
      <UniqueIdentifier>{2e538794-40f0-4eda-b12a-6b9dcd895153}</UniqueIdentifier>
    </Filter>
    <Filter Include="头文件\ui\forms">
      <UniqueIdentifier>{e62850a5-b734-4914-ac21-607921013159}</UniqueIdentifier>
    </Filter>
    <Filter Include="头文件\ui\forms\subforms">
      <UniqueIdentifier>{dd59e73a-a840-43c1-bc8b-600d7cb0b591}</UniqueIdentifier>
    </Filter>
  </ItemGroup>
  <ItemGroup>
    <Text Include="ReadMe.txt" />
  </ItemGroup>
  <ItemGroup>
    <ClInclude Include="stdafx.h">
      <Filter>头文件</Filter>
    </ClInclude>
    <ClInclude Include="targetver.h">
      <Filter>头文件</Filter>
    </ClInclude>
    <ClInclude Include="Date.h">
      <Filter>头文件\logic</Filter>
    </ClInclude>
    <ClInclude Include="File.h">
      <Filter>头文件\logic</Filter>
    </ClInclude>
    <ClInclude Include="Bean.h">
      <Filter>头文件\logic\bean</Filter>
    </ClInclude>
    <ClInclude Include="StudentBean.h">
      <Filter>头文件\logic\bean</Filter>
    </ClInclude>
    <ClInclude Include="SubjectBean.h">
      <Filter>头文件\logic\bean</Filter>
    </ClInclude>
    <ClInclude Include="TeacherBean.h">
      <Filter>头文件\logic\bean</Filter>
    </ClInclude>
    <ClInclude Include="UserBean.h">
      <Filter>头文件\logic\bean</Filter>
    </ClInclude>
    <ClInclude Include="AdminForm.h">
      <Filter>头文件\ui\forms</Filter>
    </ClInclude>
    <ClInclude Include="Form.h">
      <Filter>头文件\ui\forms</Filter>
    </ClInclude>
    <ClInclude Include="LoginForm.h">
      <Filter>头文件\ui\forms</Filter>
    </ClInclude>
    <ClInclude Include="StudentForm.h">
      <Filter>头文件\ui\forms</Filter>
    </ClInclude>
    <ClInclude Include="TeacherForm.h">
      <Filter>头文件\ui\forms</Filter>
    </ClInclude>
    <ClInclude Include="AdminManageForm.h">
      <Filter>头文件\ui\forms\subforms</Filter>
    </ClInclude>
    <ClInclude Include="TeacherManageForm.h">
      <Filter>头文件\ui\forms\subforms</Filter>
    </ClInclude>
    <ClInclude Include="StudentManageForm.h">
      <Filter>头文件\ui\forms\subforms</Filter>
    </ClInclude>
  </ItemGroup>
  <ItemGroup>
    <ClCompile Include="stdafx.cpp">
      <Filter>源文件</Filter>
    </ClCompile>
    <ClCompile Include="ConsoleApplication6.cpp">
      <Filter>源文件</Filter>
    </ClCompile>
    <ClCompile Include="Date.cpp">
      <Filter>源文件\logic</Filter>
    </ClCompile>
    <ClCompile Include="File.cpp">
      <Filter>源文件\logic</Filter>
    </ClCompile>
    <ClCompile Include="StudentBean.cpp">
      <Filter>源文件\logic\bean</Filter>
    </ClCompile>
    <ClCompile Include="SubjectBean.cpp">
      <Filter>源文件\logic\bean</Filter>
    </ClCompile>
    <ClCompile Include="TeacherBean.cpp">
      <Filter>源文件\logic\bean</Filter>
    </ClCompile>
    <ClCompile Include="UserBean.cpp">
      <Filter>源文件\logic\bean</Filter>
    </ClCompile>
    <ClCompile Include="AdminForm.cpp">
      <Filter>源文件\ui\forms</Filter>
    </ClCompile>
    <ClCompile Include="Form.cpp">
      <Filter>源文件\ui\forms</Filter>
    </ClCompile>
    <ClCompile Include="LoginForm.cpp">
      <Filter>源文件\ui\forms</Filter>
    </ClCompile>
    <ClCompile Include="StudentForm.cpp">
      <Filter>源文件\ui\forms</Filter>
    </ClCompile>
    <ClCompile Include="TeacherForm.cpp">
      <Filter>源文件\ui\forms</Filter>
    </ClCompile>
    <ClCompile Include="AdminManageForm.cpp">
      <Filter>源文件\ui\forms\subforms</Filter>
    </ClCompile>
    <ClCompile Include="TeacherManageForm.cpp">
      <Filter>源文件\ui\forms\subforms</Filter>
    </ClCompile>
    <ClCompile Include="StudentManageForm.cpp">
      <Filter>源文件\ui\forms\subforms</Filter>
    </ClCompile>
  </ItemGroup>
  <ItemGroup>
    <None Include="ClassDiagram.cd" />
    <None Include="ClassDiagram1.cd" />
  </ItemGroup>
</Project>